
Microsoft Visual Studio Solution File, Format Version 12.00
# Visual Studio Version 17
VisualStudioVersion = 17.6.33723.286
MinimumVisualStudioVersion = 10.0.40219.1
Project("{FAE04EC0-301F-11D3-BF4B-00C04F79EFBC}") = "PrivsXYZ.Web", "PrivsXYZ.Web\PrivsXYZ.Web.csproj", "{84402086-B174-4376-9E00-BBDE2B4B20EF}"
EndProject
Global
	GlobalSection(SolutionConfigurationPlatforms) = preSolution
		Debug|Any CPU = Debug|Any CPU
		Release|Any CPU = Release|Any CPU
	EndGlobalSection
	GlobalSection(ProjectConfigurationPlatforms) = postSolution
		{84402086-B174-4376-9E00-BBDE2B4B20EF}.Debug|Any CPU.ActiveCfg = Debug|Any CPU
		{84402086-B174-4376-9E00-BBDE2B4B20EF}.Debug|Any CPU.Build.0 = Debug|Any CPU
		{84402086-B174-4376-9E00-BBDE2B4B20EF}.Release|Any CPU.ActiveCfg = Release|Any CPU
		{84402086-B174-4376-9E00-BBDE2B4B20EF}.Release|Any CPU.Build.0 = Release|Any CPU
	EndGlobalSection
	GlobalSection(SolutionProperties) = preSolution
		HideSolutionNode = FALSE
	EndGlobalSection
	GlobalSection(ExtensibilityGlobals) = postSolution
		SolutionGuid = {F967CD6F-9BE7-4D2C-9841-7F5264FACA2A}
	EndGlobalSection
EndGlobal
